// !$*UTF8*$!
{
	archiveVersion = 1;
	classes = {
	};
	objectVersion = 56;
	objects = {

/* Begin PBXBuildFile section */
		27539AC7290339BE007F95B0 /* AppDelegate.swift in Sources */ = {isa = PBXBuildFile; fileRef = 27539AC6290339BE007F95B0 /* AppDelegate.swift */; };
		27539AC9290339BE007F95B0 /* SceneDelegate.swift in Sources */ = {isa = PBXBuildFile; fileRef = 27539AC8290339BE007F95B0 /* SceneDelegate.swift */; };
		27539ACB290339BE007F95B0 /* ViewController.swift in Sources */ = {isa = PBXBuildFile; fileRef = 27539ACA290339BE007F95B0 /* ViewController.swift */; };
		27539ACE290339BE007F95B0 /* Main.storyboard in Resources */ = {isa = PBXBuildFile; fileRef = 27539ACC290339BE007F95B0 /* Main.storyboard */; };
		27539AD0290339C1007F95B0 /* Assets.xcassets in Resources */ = {isa = PBXBuildFile; fileRef = 27539ACF290339C1007F95B0 /* Assets.xcassets */; };
		27539AD3290339C1007F95B0 /* LaunchScreen.storyboard in Resources */ = {isa = PBXBuildFile; fileRef = 27539AD1290339C1007F95B0 /* LaunchScreen.storyboard */; };
		27539ADB29033A18007F95B0 /* SimpleCustomBorderAndShadowView.swift in Sources */ = {isa = PBXBuildFile; fileRef = 27539ADA29033A18007F95B0 /* SimpleCustomBorderAndShadowView.swift */; };
/* End PBXBuildFile section */

/* Begin PBXFileReference section */
		27539AC3290339BE007F95B0 /* calayer-uibezierpath-practice_04.app */ = {isa = PBXFileReference; explicitFileType = wrapper.application; includeInIndex = 0; path = "calayer-uibezierpath-practice_04.app"; sourceTree = BUILT_PRODUCTS_DIR; };
		27539AC6290339BE007F95B0 /* AppDelegate.swift */ = {isa = PBXFileReference; lastKnownFileType = sourcecode.swift; path = AppDelegate.swift; sourceTree = "<group>"; };
		27539AC8290339BE007F95B0 /* SceneDelegate.swift */ = {isa = PBXFileReference; lastKnownFileType = sourcecode.swift; path = SceneDelegate.swift; sourceTree = "<group>"; };
		27539ACA290339BE007F95B0 /* ViewController.swift */ = {isa = PBXFileReference; lastKnownFileType = sourcecode.swift; path = ViewController.swift; sourceTree = "<group>"; };
		27539ACD290339BE007F95B0 /* Base */ = {isa = PBXFileReference; lastKnownFileType = file.storyboard; name = Base; path = Base.lproj/Main.storyboard; sourceTree = "<group>"; };
		27539ACF290339C1007F95B0 /* Assets.xcassets */ = {isa = PBXFileReference; lastKnownFileType = folder.assetcatalog; path = Assets.xcassets; sourceTree = "<group>"; };
		27539AD2290339C1007F95B0 /* Base */ = {isa = PBXFileReference; lastKnownFileType = file.storyboard; name = Base; path = Base.lproj/LaunchScreen.storyboard; sourceTree = "<group>"; };
		27539AD4290339C1007F95B0 /* Info.plist */ = {isa = PBXFileReference; lastKnownFileType = text.plist.xml; path = Info.plist; sourceTree = "<group>"; };
		27539ADA29033A18007F95B0 /* SimpleCustomBorderAndShadowView.swift */ = {isa = PBXFileReference; lastKnownFileType = sourcecode.swift; path = SimpleCustomBorderAndShadowView.swift; sourceTree = "<group>"; };
/* End PBXFileReference section */

/* Begin PBXFrameworksBuildPhase section */
		27539AC0290339BE007F95B0 /* Frameworks */ = {
			isa = PBXFrameworksBuildPhase;
			buildActionMask = 2147483647;
			files = (
			);
			runOnlyForDeploymentPostprocessing = 0;
		};
/* End PBXFrameworksBuildPhase section */

/* Begin PBXGroup section */
		27539ABA290339BE007F95B0 = {
			isa = PBXGroup;
			children = (
				27539AC5290339BE007F95B0 /* calayer-uibezierpath-practice_04 */,
				27539AC4290339BE007F95B0 /* Products */,
			);
			sourceTree = "<group>";
		};
		27539AC4290339BE007F95B0 /* Products */ = {
			isa = PBXGroup;
			children = (
				27539AC3290339BE007F95B0 /* calayer-uibezierpath-practice_04.app */,
			);
			name = Products;
			sourceTree = "<group>";
		};
		27539AC5290339BE007F95B0 /* calayer-uibezierpath-practice_04 */ = {
			isa = PBXGroup;
			children = (
				27539AC6290339BE007F95B0 /* AppDelegate.swift */,
				27539AC8290339BE007F95B0 /* SceneDelegate.swift */,
				27539ACA290339BE007F95B0 /* ViewController.swift */,
				27539ADA29033A18007F95B0 /* SimpleCustomBorderAndShadowView.swift */,
				27539ACC290339BE007F95B0 /* Main.storyboard */,
				27539ACF290339C1007F95B0 /* Assets.xcassets */,
				27539AD1290339C1007F95B0 /* LaunchScreen.storyboard */,
				27539AD4290339C1007F95B0 /* Info.plist */,
			);
			path = "calayer-uibezierpath-practice_04";
			sourceTree = "<group>";
		};
/* End PBXGroup section */

/* Begin PBXNativeTarget section */
		27539AC2290339BE007F95B0 /* calayer-uibezierpath-practice_04 */ = {
			isa = PBXNativeTarget;
			buildConfigurationList = 27539AD7290339C1007F95B0 /* Build configuration list for PBXNativeTarget "calayer-uibezierpath-practice_04" */;
			buildPhases = (
				27539ABF290339BE007F95B0 /* Sources */,
				27539AC0290339BE007F95B0 /* Frameworks */,
				27539AC1290339BE007F95B0 /* Resources */,
			);
			buildRules = (
			);
			dependencies = (
			);
			name = "calayer-uibezierpath-practice_04";
			productName = "calayer-uibezierpath-practice_04";
			productReference = 27539AC3290339BE007F95B0 /* calayer-uibezierpath-practice_04.app */;
			productType = "com.apple.product-type.application";
		};
/* End PBXNativeTarget section */

/* Begin PBXProject section */
		27539ABB290339BE007F95B0 /* Project object */ = {
			isa = PBXProject;
			attributes = {
				BuildIndependentTargetsInParallel = 1;
				LastSwiftUpdateCheck = 1400;
				LastUpgradeCheck = 1400;
				TargetAttributes = {
					27539AC2290339BE007F95B0 = {
						CreatedOnToolsVersion = 14.0.1;
					};
				};
			};
			buildConfigurationList = 27539ABE290339BE007F95B0 /* Build configuration list for PBXProject "calayer-uibezierpath-practice_04" */;
			compatibilityVersion = "Xcode 14.0";
			developmentRegion = en;
			hasScannedForEncodings = 0;
			knownRegions = (
				en,
				Base,
			);
			mainGroup = 27539ABA290339BE007F95B0;
			productRefGroup = 27539AC4290339BE007F95B0 /* Products */;
			projectDirPath = "";
			projectRoot = "";
			targets = (
				27539AC2290339BE007F95B0 /* calayer-uibezierpath-practice_04 */,
			);
		};
/* End PBXProject section */

/* Begin PBXResourcesBuildPhase section */
		27539AC1290339BE007F95B0 /* Resources */ = {
			isa = PBXResourcesBuildPhase;
			buildActionMask = 2147483647;
			files = (
				27539AD3290339C1007F95B0 /* LaunchScreen.storyboard in Resources */,
				27539AD0290339C1007F95B0 /* Assets.xcassets in Resources */,
				27539ACE290339BE007F95B0 /* Main.storyboard in Resources */,
			);
			runOnlyForDeploymentPostprocessing = 0;
		};
/* End PBXResourcesBuildPhase section */

/* Begin PBXSourcesBuildPhase section */
		27539ABF290339BE007F95B0 /* Sources */ = {
			isa = PBXSourcesBuildPhase;
			buildActionMask = 2147483647;
			files = (
				27539ACB290339BE007F95B0 /* ViewController.swift in Sources */,
				27539AC7290339BE007F95B0 /* AppDelegate.swift in Sources */,
				27539AC9290339BE007F95B0 /* SceneDelegate.swift in Sources */,
				27539ADB29033A18007F95B0 /* SimpleCustomBorderAndShadowView.swift in Sources */,
			);
			runOnlyForDeploymentPostprocessing = 0;
		};
/* End PBXSourcesBuildPhase section */

/* Begin PBXVariantGroup section */
		27539ACC290339BE007F95B0 /* Main.storyboard */ = {
			isa = PBXVariantGroup;
			children = (
				27539ACD290339BE007F95B0 /* Base */,
			);
			name = Main.storyboard;
			sourceTree = "<group>";
		};
		27539AD1290339C1007F95B0 /* LaunchScreen.storyboard */ = {
			isa = PBXVariantGroup;
			children = (
				27539AD2290339C1007F95B0 /* Base */,
			);
			name = LaunchScreen.storyboard;
			sourceTree = "<group>";
		};
/* End PBXVariantGroup section */

/* Begin XCBuildConfiguration section */
		27539AD5290339C1007F95B0 /* Debug */ = {
			isa = XCBuildConfiguration;
			buildSettings = {
				ALWAYS_SEARCH_USER_PATHS = NO;
				CLANG_ANALYZER_NONNULL = YES;
				CLANG_ANALYZER_NUMBER_OBJECT_CONVERSION = YES_AGGRESSIVE;
				CLANG_CXX_LANGUAGE_STANDARD = "gnu++20";
				CLANG_ENABLE_MODULES = YES;
				CLANG_ENABLE_OBJC_ARC = YES;
				CLANG_ENABLE_OBJC_WEAK = YES;
				CLANG_WARN_BLOCK_CAPTURE_AUTORELEASING = YES;
				CLANG_WARN_BOOL_CONVERSION = YES;
				CLANG_WARN_COMMA = YES;
				CLANG_WARN_CONSTANT_CONVERSION = YES;
				CLANG_WARN_DEPRECATED_OBJC_IMPLEMENTATIONS = YES;
				CLANG_WARN_DIRECT_OBJC_ISA_USAGE = YES_ERROR;
				CLANG_WARN_DOCUMENTATION_COMMENTS = YES;
				CLANG_WARN_EMPTY_BODY = YES;
				CLANG_WARN_ENUM_CONVERSION = YES;
				CLANG_WARN_INFINITE_RECURSION = YES;
				CLANG_WARN_INT_CONVERSION = YES;
				CLANG_WARN_NON_LITERAL_NULL_CONVERSION = YES;
				CLANG_WARN_OBJC_IMPLICIT_RETAIN_SELF = YES;
				CLANG_WARN_OBJC_LITERAL_CONVERSION = YES;
				CLANG_WARN_OBJC_ROOT_CLASS = YES_ERROR;
				CLANG_WARN_QUOTED_INCLUDE_IN_FRAMEWORK_HEADER = YES;
				CLANG_WARN_RANGE_LOOP_ANALYSIS = YES;
				CLANG_WARN_STRICT_PROTOTYPES = YES;
				CLANG_WARN_SUSPICIOUS_MOVE = YES;
				CLANG_WARN_UNGUARDED_AVAILABILITY = YES_AGGRESSIVE;
				CLANG_WARN_UNREACHABLE_CODE = YES;
				CLANG_WARN__DUPLICATE_METHOD_MATCH = YES;
				COPY_PHASE_STRIP = NO;
				DEBUG_INFORMATION_FORMAT = dwarf;
				ENABLE_STRICT_OBJC_MSGSEND = YES;
				ENABLE_TESTABILITY = YES;
				GCC_C_LANGUAGE_STANDARD = gnu11;
				GCC_DYNAMIC_NO_PIC = NO;
				GCC_NO_COMMON_BLOCKS = YES;
				GCC_OPTIMIZATION_LEVEL = 0;
				GCC_PREPROCESSOR_DEFINITIONS = (
					"DEBUG=1",
					"$(inherited)",
				);
				GCC_WARN_64_TO_32_BIT_CONVERSION = YES;
				GCC_WARN_ABOUT_RETURN_TYPE = YES_ERROR;
				GCC_WARN_UNDECLARED_SELECTOR = YES;
				GCC_WARN_UNINITIALIZED_AUTOS = YES_AGGRESSIVE;
				GCC_WARN_UNUSED_FUNCTION = YES;
				GCC_WARN_UNUSED_VARIABLE = YES;
				IPHONEOS_DEPLOYMENT_TARGET = 16.0;
				MTL_ENABLE_DEBUG_INFO = INCLUDE_SOURCE;
				MTL_FAST_MATH = YES;
				ONLY_ACTIVE_ARCH = YES;
				SDKROOT = iphoneos;
				SWIFT_ACTIVE_COMPILATION_CONDITIONS = DEBUG;
				SWIFT_OPTIMIZATION_LEVEL = "-Onone";
			};
			name = Debug;
		};
		27539AD6290339C1007F95B0 /* Release */ = {
			isa = XCBuildConfiguration;
			buildSettings = {
				ALWAYS_SEARCH_USER_PATHS = NO;
				CLANG_ANALYZER_NONNULL = YES;
				CLANG_ANALYZER_NUMBER_OBJECT_CONVERSION = YES_AGGRESSIVE;
				CLANG_CXX_LANGUAGE_STANDARD = "gnu++20";
				CLANG_ENABLE_MODULES = YES;
				CLANG_ENABLE_OBJC_ARC = YES;
				CLANG_ENABLE_OBJC_WEAK = YES;
				CLANG_WARN_BLOCK_CAPTURE_AUTORELEASING = YES;
				CLANG_WARN_BOOL_CONVERSION = YES;
				CLANG_WARN_COMMA = YES;
				CLANG_WARN_CONSTANT_CONVERSION = YES;
				CLANG_WARN_DEPRECATED_OBJC_IMPLEMENTATIONS = YES;
				CLANG_WARN_DIRECT_OBJC_ISA_USAGE = YES_ERROR;
				CLANG_WARN_DOCUMENTATION_COMMENTS = YES;
				CLANG_WARN_EMPTY_BODY = YES;
				CLANG_WARN_ENUM_CONVERSION = YES;
				CLANG_WARN_INFINITE_RECURSION = YES;
				CLANG_WARN_INT_CONVERSION = YES;
				CLANG_WARN_NON_LITERAL_NULL_CONVERSION = YES;
				CLANG_WARN_OBJC_IMPLICIT_RETAIN_SELF = YES;
				CLANG_WARN_OBJC_LITERAL_CONVERSION = YES;
				CLANG_WARN_OBJC_ROOT_CLASS = YES_ERROR;
				CLANG_WARN_QUOTED_INCLUDE_IN_FRAMEWORK_HEADER = YES;
				CLANG_WARN_RANGE_LOOP_ANALYSIS = YES;
				CLANG_WARN_STRICT_PROTOTYPES = YES;
				CLANG_WARN_SUSPICIOUS_MOVE = YES;
				CLANG_WARN_UNGUARDED_AVAILABILITY = YES_AGGRESSIVE;
				CLANG_WARN_UNREACHABLE_CODE = YES;
				CLANG_WARN__DUPLICATE_METHOD_MATCH = YES;
				COPY_PHASE_STRIP = NO;
				DEBUG_INFORMATION_FORMAT = "dwarf-with-dsym";
				ENABLE_NS_ASSERTIONS = NO;
				ENABLE_STRICT_OBJC_MSGSEND = YES;
				GCC_C_LANGUAGE_STANDARD = gnu11;
				GCC_NO_COMMON_BLOCKS = YES;
				GCC_WARN_64_TO_32_BIT_CONVERSION = YES;
				GCC_WARN_ABOUT_RETURN_TYPE = YES_ERROR;
				GCC_WARN_UNDECLARED_SELECTOR = YES;
				GCC_WARN_UNINITIALIZED_AUTOS = YES_AGGRESSIVE;
				GCC_WARN_UNUSED_FUNCTION = YES;
				GCC_WARN_UNUSED_VARIABLE = YES;
				IPHONEOS_DEPLOYMENT_TARGET = 16.0;
				MTL_ENABLE_DEBUG_INFO = NO;
				MTL_FAST_MATH = YES;
				SDKROOT = iphoneos;
				SWIFT_COMPILATION_MODE = wholemodule;
				SWIFT_OPTIMIZATION_LEVEL = "-O";
				VALIDATE_PRODUCT = YES;
			};
			name = Release;
		};
		27539AD8290339C1007F95B0 /* Debug */ = {
			isa = XCBuildConfiguration;
			buildSettings = {
				ASSETCATALOG_COMPILER_APPICON_NAME = AppIcon;
				ASSETCATALOG_COMPILER_GLOBAL_ACCENT_COLOR_NAME = AccentColor;
				CODE_SIGN_STYLE = Automatic;
				CURRENT_PROJECT_VERSION = 1;
				GENERATE_INFOPLIST_FILE = YES;
				INFOPLIST_FILE = "calayer-uibezierpath-practice_04/Info.plist";
				INFOPLIST_KEY_UIApplicationSupportsIndirectInputEvents = YES;
				INFOPLIST_KEY_UILaunchStoryboardName = LaunchScreen;
				INFOPLIST_KEY_UIMainStoryboardFile = Main;
				INFOPLIST_KEY_UISupportedInterfaceOrientations_iPad = "UIInterfaceOrientationPortrait UIInterfaceOrientationPortraitUpsideDown UIInterfaceOrientationLandscapeLeft UIInterfaceOrientationLandscapeRight";
				INFOPLIST_KEY_UISupportedInterfaceOrientations_iPhone = "UIInterfaceOrientationPortrait UIInterfaceOrientationLandscapeLeft UIInterfaceOrientationLandscapeRight";
				LD_RUNPATH_SEARCH_PATHS = (
					"$(inherited)",
					"@executable_path/Frameworks",
				);
				MARKETING_VERSION = 1.0;
				PRODUCT_BUNDLE_IDENTIFIER = "hse.calayer-uibezierpath-practice-04";
				PRODUCT_NAME = "$(TARGET_NAME)";
				SWIFT_EMIT_LOC_STRINGS = YES;
				SWIFT_VERSION = 5.0;
				TARGETED_DEVICE_FAMILY = "1,2";
			};
			name = Debug;
		};
		27539AD9290339C1007F95B0 /* Release */ = {
			isa = XCBuildConfiguration;
			buildSettings = {
				ASSETCATALOG_COMPILER_APPICON_NAME = AppIcon;
				ASSETCATALOG_COMPILER_GLOBAL_ACCENT_COLOR_NAME = AccentColor;
				CODE_SIGN_STYLE = Automatic;
				CURRENT_PROJECT_VERSION = 1;
				GENERATE_INFOPLIST_FILE = YES;
				INFOPLIST_FILE = "calayer-uibezierpath-practice_04/Info.plist";
				INFOPLIST_KEY_UIApplicationSupportsIndirectInputEvents = YES;
				INFOPLIST_KEY_UILaunchStoryboardName = LaunchScreen;
				INFOPLIST_KEY_UIMainStoryboardFile = Main;
				INFOPLIST_KEY_UISupportedInterfaceOrientations_iPad = "UIInterfaceOrientationPortrait UIInterfaceOrientationPortraitUpsideDown UIInterfaceOrientationLandscapeLeft UIInterfaceOrientationLandscapeRight";
				INFOPLIST_KEY_UISupportedInterfaceOrientations_iPhone = "UIInterfaceOrientationPortrait UIInterfaceOrientationLandscapeLeft UIInterfaceOrientationLandscapeRight";
				LD_RUNPATH_SEARCH_PATHS = (
					"$(inherited)",
					"@executable_path/Frameworks",
				);
				MARKETING_VERSION = 1.0;
				PRODUCT_BUNDLE_IDENTIFIER = "hse.calayer-uibezierpath-practice-04";
				PRODUCT_NAME = "$(TARGET_NAME)";
				SWIFT_EMIT_LOC_STRINGS = YES;
				SWIFT_VERSION = 5.0;
				TARGETED_DEVICE_FAMILY = "1,2";
			};
			name = Release;
		};
/* End XCBuildConfiguration section */

/* Begin XCConfigurationList section */
		27539ABE290339BE007F95B0 /* Build configuration list for PBXProject "calayer-uibezierpath-practice_04" */ = {
			isa = XCConfigurationList;
			buildConfigurations = (
				27539AD5290339C1007F95B0 /* Debug */,
				27539AD6290339C1007F95B0 /* Release */,
			);
			defaultConfigurationIsVisible = 0;
			defaultConfigurationName = Release;
		};
		27539AD7290339C1007F95B0 /* Build configuration list for PBXNativeTarget "calayer-uibezierpath-practice_04" */ = {
			isa = XCConfigurationList;
			buildConfigurations = (
				27539AD8290339C1007F95B0 /* Debug */,
				27539AD9290339C1007F95B0 /* Release */,
			);
			defaultConfigurationIsVisible = 0;
			defaultConfigurationName = Release;
		};
/* End XCConfigurationList section */
	};
	rootObject = 27539ABB290339BE007F95B0 /* Project object */;
}
